
Microsoft Visual Studio Solution File, Format Version 12.00
# Visual Studio Version 17
VisualStudioVersion = 17.1.32414.318
MinimumVisualStudioVersion = 10.0.40219.1
Project("{FAE04EC0-301F-11D3-BF4B-00C04F79EFBC}") = "WiredBrainCoffee.StorageApp", "WiredBrainCoffee.StorageApp\WiredBrainCoffee.StorageApp.csproj", "{026A03A2-BCF6-44A8-A1EE-36CC14F0448A}"
EndProject
Global
	GlobalSection(SolutionConfigurationPlatforms) = preSolution
		Debug|Any CPU = Debug|Any CPU
		Release|Any CPU = Release|Any CPU
	EndGlobalSection
	GlobalSection(ProjectConfigurationPlatforms) = postSolution
		{026A03A2-BCF6-44A8-A1EE-36CC14F0448A}.Debug|Any CPU.ActiveCfg = Debug|Any CPU
		{026A03A2-BCF6-44A8-A1EE-36CC14F0448A}.Debug|Any CPU.Build.0 = Debug|Any CPU
		{026A03A2-BCF6-44A8-A1EE-36CC14F0448A}.Release|Any CPU.ActiveCfg = Release|Any CPU
		{026A03A2-BCF6-44A8-A1EE-36CC14F0448A}.Release|Any CPU.Build.0 = Release|Any CPU
	EndGlobalSection
	GlobalSection(SolutionProperties) = preSolution
		HideSolutionNode = FALSE
	EndGlobalSection
	GlobalSection(ExtensibilityGlobals) = postSolution
		SolutionGuid = {CDE2D1C5-E71A-48F0-A0C5-A9DD77802F44}
	EndGlobalSection
EndGlobal
